
Microsoft Visual Studio Solution File, Format Version 12.00
# Visual Studio Version 16
VisualStudioVersion = 16.0.31105.61
MinimumVisualStudioVersion = 10.0.40219.1
Project("{FAE04EC0-301F-11D3-BF4B-00C04F79EFBC}") = "Practice", "Practice.csproj", "{B2747675-9441-4D1E-9B98-C6A33A298BAC}"
EndProject
Global
	GlobalSection(SolutionConfigurationPlatforms) = preSolution
		Debug|Any CPU = Debug|Any CPU
		Release|Any CPU = Release|Any CPU
	EndGlobalSection
	GlobalSection(ProjectConfigurationPlatforms) = postSolution
		{B2747675-9441-4D1E-9B98-C6A33A298BAC}.Debug|Any CPU.ActiveCfg = Debug|Any CPU
		{B2747675-9441-4D1E-9B98-C6A33A298BAC}.Debug|Any CPU.Build.0 = Debug|Any CPU
		{B2747675-9441-4D1E-9B98-C6A33A298BAC}.Release|Any CPU.ActiveCfg = Release|Any CPU
		{B2747675-9441-4D1E-9B98-C6A33A298BAC}.Release|Any CPU.Build.0 = Release|Any CPU
	EndGlobalSection
	GlobalSection(SolutionProperties) = preSolution
		HideSolutionNode = FALSE
	EndGlobalSection
	GlobalSection(ExtensibilityGlobals) = postSolution
		SolutionGuid = {FD2FDB19-9A1E-4100-B9CA-37D4D085BD3D}
	EndGlobalSection
EndGlobal
